
Microsoft Visual Studio Solution File, Format Version 12.00
# Visual Studio Version 17
VisualStudioVersion = 17.0.32014.148
MinimumVisualStudioVersion = 10.0.40219.1
Project("{9A19103F-16F7-4668-BE54-9A1E7A4F7556}") = "Authenticator", "UX\Authenticator.csproj", "{C98DA358-E363-4661-9418-B93442DD1750}"
EndProject
Project("{2150E333-8FDC-42A3-9474-1A3956D46DE8}") = "Solution Items", "Solution Items", "{5BBB980F-DF2B-4493-A2F0-BFFE93A3C5D3}"
	ProjectSection(SolutionItems) = preProject
		..\LICENSE = ..\LICENSE
		..\README.md = ..\README.md
	EndProjectSection
EndProject
Global
	GlobalSection(SolutionConfigurationPlatforms) = preSolution
		Debug|Any CPU = Debug|Any CPU
		Release|Any CPU = Release|Any CPU
	EndGlobalSection
	GlobalSection(ProjectConfigurationPlatforms) = postSolution
		{C98DA358-E363-4661-9418-B93442DD1750}.Debug|Any CPU.ActiveCfg = Debug|Any CPU
		{C98DA358-E363-4661-9418-B93442DD1750}.Debug|Any CPU.Build.0 = Debug|Any CPU
		{C98DA358-E363-4661-9418-B93442DD1750}.Release|Any CPU.ActiveCfg = Release|Any CPU
		{C98DA358-E363-4661-9418-B93442DD1750}.Release|Any CPU.Build.0 = Release|Any CPU
	EndGlobalSection
	GlobalSection(SolutionProperties) = preSolution
		HideSolutionNode = FALSE
	EndGlobalSection
	GlobalSection(ExtensibilityGlobals) = postSolution
		SolutionGuid = {788A8CF9-8578-451A-B175-B9225AFE69A7}
	EndGlobalSection
EndGlobal
