
Microsoft Visual Studio Solution File, Format Version 12.00
# Visual Studio Version 17
VisualStudioVersion = 17.0.32014.148
MinimumVisualStudioVersion = 10.0.40219.1
Project("{9A19103F-16F7-4668-BE54-9A1E7A4F7556}") = "Authenticator.Core", "Core\Authenticator.Core.csproj", "{7ABA1F24-4992-453C-93A9-031538FC12CE}"
EndProject
Project("{9A19103F-16F7-4668-BE54-9A1E7A4F7556}") = "Authenticator", "UX\Authenticator.csproj", "{C98DA358-E363-4661-9418-B93442DD1750}"
EndProject
Global
	GlobalSection(SolutionConfigurationPlatforms) = preSolution
		Debug|Any CPU = Debug|Any CPU
		Release|Any CPU = Release|Any CPU
	EndGlobalSection
	GlobalSection(ProjectConfigurationPlatforms) = postSolution
		{7ABA1F24-4992-453C-93A9-031538FC12CE}.Debug|Any CPU.ActiveCfg = Debug|Any CPU
		{7ABA1F24-4992-453C-93A9-031538FC12CE}.Debug|Any CPU.Build.0 = Debug|Any CPU
		{7ABA1F24-4992-453C-93A9-031538FC12CE}.Release|Any CPU.ActiveCfg = Release|Any CPU
		{7ABA1F24-4992-453C-93A9-031538FC12CE}.Release|Any CPU.Build.0 = Release|Any CPU
		{C98DA358-E363-4661-9418-B93442DD1750}.Debug|Any CPU.ActiveCfg = Debug|Any CPU
		{C98DA358-E363-4661-9418-B93442DD1750}.Debug|Any CPU.Build.0 = Debug|Any CPU
		{C98DA358-E363-4661-9418-B93442DD1750}.Release|Any CPU.ActiveCfg = Release|Any CPU
		{C98DA358-E363-4661-9418-B93442DD1750}.Release|Any CPU.Build.0 = Release|Any CPU
	EndGlobalSection
	GlobalSection(SolutionProperties) = preSolution
		HideSolutionNode = FALSE
	EndGlobalSection
	GlobalSection(ExtensibilityGlobals) = postSolution
		SolutionGuid = {788A8CF9-8578-451A-B175-B9225AFE69A7}
	EndGlobalSection
EndGlobal
